
Microsoft Visual Studio Solution File, Format Version 12.00
# Visual Studio Version 17
VisualStudioVersion = 17.5.002.0
MinimumVisualStudioVersion = 10.0.40219.1
Project("{9A19103F-16F7-4668-BE54-9A1E7A4F7556}") = "DesafioProjetoHospedagem", "DesafioProjetoHospedagem.csproj", "{FC2499F1-02FE-4112-A077-FCAA3F11DEED}"
EndProject
Global
	GlobalSection(SolutionConfigurationPlatforms) = preSolution
		Debug|Any CPU = Debug|Any CPU
		Release|Any CPU = Release|Any CPU
	EndGlobalSection
	GlobalSection(ProjectConfigurationPlatforms) = postSolution
		{FC2499F1-02FE-4112-A077-FCAA3F11DEED}.Debug|Any CPU.ActiveCfg = Debug|Any CPU
		{FC2499F1-02FE-4112-A077-FCAA3F11DEED}.Debug|Any CPU.Build.0 = Debug|Any CPU
		{FC2499F1-02FE-4112-A077-FCAA3F11DEED}.Release|Any CPU.ActiveCfg = Release|Any CPU
		{FC2499F1-02FE-4112-A077-FCAA3F11DEED}.Release|Any CPU.Build.0 = Release|Any CPU
	EndGlobalSection
	GlobalSection(SolutionProperties) = preSolution
		HideSolutionNode = FALSE
	EndGlobalSection
	GlobalSection(ExtensibilityGlobals) = postSolution
		SolutionGuid = {22235172-250F-479B-87C0-D488F72BDDE3}
	EndGlobalSection
EndGlobal
